
Microsoft Visual Studio Solution File, Format Version 12.00
# Visual Studio 15
VisualStudioVersion = 15.0.27703.2042
MinimumVisualStudioVersion = 10.0.40219.1
Project("{9A19103F-16F7-4668-BE54-9A1E7A4F7556}") = "EApplication", "EApplication\EApplication.csproj", "{223C83B5-366E-4B3D-B253-190AB0B236D3}"
EndProject
Project("{9A19103F-16F7-4668-BE54-9A1E7A4F7556}") = "EApplication.Data", "EApplication.Data\EApplication.Data.csproj", "{FE6F2DD8-6860-4AA6-9EF1-FA5D929B33CA}"
EndProject
Project("{00D1A9C2-B5F0-4AF3-8072-F6C62B433612}") = "Database", "Database\Database.sqlproj", "{33B1DAB6-7DA5-4C5F-9AA4-0D64E0616FC8}"
EndProject
Global
	GlobalSection(SolutionConfigurationPlatforms) = preSolution
		Debug|Any CPU = Debug|Any CPU
		Release|Any CPU = Release|Any CPU
	EndGlobalSection
	GlobalSection(ProjectConfigurationPlatforms) = postSolution
		{223C83B5-366E-4B3D-B253-190AB0B236D3}.Debug|Any CPU.ActiveCfg = Debug|Any CPU
		{223C83B5-366E-4B3D-B253-190AB0B236D3}.Debug|Any CPU.Build.0 = Debug|Any CPU
		{223C83B5-366E-4B3D-B253-190AB0B236D3}.Release|Any CPU.ActiveCfg = Release|Any CPU
		{223C83B5-366E-4B3D-B253-190AB0B236D3}.Release|Any CPU.Build.0 = Release|Any CPU
		{FE6F2DD8-6860-4AA6-9EF1-FA5D929B33CA}.Debug|Any CPU.ActiveCfg = Debug|Any CPU
		{FE6F2DD8-6860-4AA6-9EF1-FA5D929B33CA}.Debug|Any CPU.Build.0 = Debug|Any CPU
		{FE6F2DD8-6860-4AA6-9EF1-FA5D929B33CA}.Release|Any CPU.ActiveCfg = Release|Any CPU
		{FE6F2DD8-6860-4AA6-9EF1-FA5D929B33CA}.Release|Any CPU.Build.0 = Release|Any CPU
		{33B1DAB6-7DA5-4C5F-9AA4-0D64E0616FC8}.Debug|Any CPU.ActiveCfg = Debug|Any CPU
		{33B1DAB6-7DA5-4C5F-9AA4-0D64E0616FC8}.Debug|Any CPU.Build.0 = Debug|Any CPU
		{33B1DAB6-7DA5-4C5F-9AA4-0D64E0616FC8}.Debug|Any CPU.Deploy.0 = Debug|Any CPU
		{33B1DAB6-7DA5-4C5F-9AA4-0D64E0616FC8}.Release|Any CPU.ActiveCfg = Release|Any CPU
		{33B1DAB6-7DA5-4C5F-9AA4-0D64E0616FC8}.Release|Any CPU.Build.0 = Release|Any CPU
		{33B1DAB6-7DA5-4C5F-9AA4-0D64E0616FC8}.Release|Any CPU.Deploy.0 = Release|Any CPU
	EndGlobalSection
	GlobalSection(SolutionProperties) = preSolution
		HideSolutionNode = FALSE
	EndGlobalSection
	GlobalSection(ExtensibilityGlobals) = postSolution
		SolutionGuid = {ED48F872-A282-4C2A-B380-ECFC581A3BB9}
	EndGlobalSection
EndGlobal
